
Microsoft Visual Studio Solution File, Format Version 12.00
Project("{FAE04EC0-301F-11D3-BF4B-00C04F79EFBC}") = "Lykke.Quintessence.Core", "src\Lykke.Quintessence.Core\Lykke.Quintessence.Core.csproj", "{79EDF747-637C-4B03-851B-5BF849053DF6}"
EndProject
Project("{FAE04EC0-301F-11D3-BF4B-00C04F79EFBC}") = "Lykke.Quintessence.Core.Abstractions", "src\Lykke.Quintessence.Core.Abstractions\Lykke.Quintessence.Core.Abstractions.csproj", "{38E855CA-B4F9-4C4D-B621-6C157CB00C44}"
EndProject
Project("{2150E333-8FDC-42A3-9474-1A3956D46DE8}") = "src", "src", "{9B6C647F-F374-497E-A07C-D146B9FA2E04}"
EndProject
Project("{FAE04EC0-301F-11D3-BF4B-00C04F79EFBC}") = "Lykke.Quintessence.RpcClient", "src\Lykke.Quintessence.RpcClient\Lykke.Quintessence.RpcClient.csproj", "{D48F0A4D-7569-4091-BD04-01CF05D1DEDF}"
EndProject
Project("{FAE04EC0-301F-11D3-BF4B-00C04F79EFBC}") = "Lykke.Quintessence.RpcClient.Abstractions", "src\Lykke.Quintessence.RpcClient.Abstractions\Lykke.Quintessence.RpcClient.Abstractions.csproj", "{D05BE7BD-865F-4677-8D9D-1D6AE28A50C5}"
EndProject
Project("{2150E333-8FDC-42A3-9474-1A3956D46DE8}") = "04. Common", "04. Common", "{FC572167-8C7D-47E2-A4B7-D711BA2220C6}"
EndProject
Project("{FAE04EC0-301F-11D3-BF4B-00C04F79EFBC}") = "Lykke.Quintessence.Job", "src\Lykke.Quintessence.Job\Lykke.Quintessence.Job.csproj", "{9E4760F9-D312-4986-BF35-9E8E49161B7E}"
EndProject
Project("{2150E333-8FDC-42A3-9474-1A3956D46DE8}") = "03. Job", "03. Job", "{17B51FDE-75E2-46DF-9400-E4AB6FBCF877}"
EndProject
Project("{2150E333-8FDC-42A3-9474-1A3956D46DE8}") = "02. Sign Service", "02. Sign Service", "{D47784E6-4485-46F9-A258-9558380992DF}"
EndProject
Project("{FAE04EC0-301F-11D3-BF4B-00C04F79EFBC}") = "Lykke.Quintessence.SignService", "src\Lykke.Quintessence.SignService\Lykke.Quintessence.SignService.csproj", "{40F93034-644C-4578-A2DC-FB79BFDE45CD}"
EndProject
Project("{2150E333-8FDC-42A3-9474-1A3956D46DE8}") = "01. Api", "01. Api", "{57E8AD63-FB8B-47B1-919C-97A3E0DFF84F}"
EndProject
Project("{FAE04EC0-301F-11D3-BF4B-00C04F79EFBC}") = "Lykke.Quintessence.Api", "src\Lykke.Quintessence.Api\Lykke.Quintessence.Api.csproj", "{2C9E72D2-8C79-466B-8E15-D8CFA3EB7C20}"
EndProject
Project("{2150E333-8FDC-42A3-9474-1A3956D46DE8}") = "test", "test", "{F2D2B602-E10B-46DF-938D-5F12DF52DDB8}"
EndProject
Project("{FAE04EC0-301F-11D3-BF4B-00C04F79EFBC}") = "Lykke.Quintessence.Core.Telemetry", "src\Lykke.Quintessence.Core.Telemetry\Lykke.Quintessence.Core.Telemetry.csproj", "{8B2D3E14-B2BA-49E9-8575-9CBFDFDBA597}"
EndProject
Project("{FAE04EC0-301F-11D3-BF4B-00C04F79EFBC}") = "Lykke.Quintessence.Domain", "src\Lykke.Quintessence.Domain\Lykke.Quintessence.Domain.csproj", "{C8A5046D-2DD2-47A6-BFB5-95EDEAF912F2}"
EndProject
Project("{FAE04EC0-301F-11D3-BF4B-00C04F79EFBC}") = "Lykke.Quintessence.DomainServices", "src\Lykke.Quintessence.DomainServices\Lykke.Quintessence.DomainServices.csproj", "{58BD68B6-E29B-4E4E-A50B-6F263212D26E}"
EndProject
Project("{FAE04EC0-301F-11D3-BF4B-00C04F79EFBC}") = "Lykke.Quintessence.AzureRepositories", "src\Lykke.Quintessence.AzureRepositories\Lykke.Quintessence.AzureRepositories.csproj", "{410C2CD5-B536-4A8A-BC0C-3FB3C6E24321}"
EndProject
Project("{FAE04EC0-301F-11D3-BF4B-00C04F79EFBC}") = "Lykke.Quintessence.Job.DomainServices", "src\Lykke.Quintessence.Job.DomainServices\Lykke.Quintessence.Job.DomainServices.csproj", "{3B92BA00-C454-4BB1-8759-020E81D91495}"
EndProject
Project("{FAE04EC0-301F-11D3-BF4B-00C04F79EFBC}") = "Lykke.Quintessence.Job.Domain", "src\Lykke.Quintessence.Job.Domain\Lykke.Quintessence.Job.Domain.csproj", "{BCEA2ABB-50B3-4AE5-B9AB-7C5C0B788A6C}"
EndProject
Project("{FAE04EC0-301F-11D3-BF4B-00C04F79EFBC}") = "Lykke.Quintessence.SignService.Domain", "src\Lykke.Quintessence.SignService.Domain\Lykke.Quintessence.SignService.Domain.csproj", "{4E3EF446-9923-4F04-84FB-1C35AF3ECAF5}"
EndProject
Project("{FAE04EC0-301F-11D3-BF4B-00C04F79EFBC}") = "Lykke.Quintessence.SignService.DomainServices", "src\Lykke.Quintessence.SignService.DomainServices\Lykke.Quintessence.SignService.DomainServices.csproj", "{DA4B7BC7-7583-4AEF-96AF-27EE6B9D01E1}"
EndProject
Project("{FAE04EC0-301F-11D3-BF4B-00C04F79EFBC}") = "Lykke.Quintessence.Api.Domain", "src\Lykke.Quintessence.Api.Domain\Lykke.Quintessence.Api.Domain.csproj", "{348965D1-4C9A-4675-9440-DA9C4A1B93CF}"
EndProject
Project("{FAE04EC0-301F-11D3-BF4B-00C04F79EFBC}") = "Lykke.Quintessence.Api.DomainServices", "src\Lykke.Quintessence.Api.DomainServices\Lykke.Quintessence.Api.DomainServices.csproj", "{ABBBC47D-78D1-44E9-8241-2E7419EB94F8}"
EndProject
Project("{FAE04EC0-301F-11D3-BF4B-00C04F79EFBC}") = "Lykke.Quintessence.Runtime", "src\Lykke.Quintessence.Runtime\Lykke.Quintessence.Runtime.csproj", "{6CEEABDB-AC15-4FC0-B0B3-D10CA3801243}"
EndProject
Project("{FAE04EC0-301F-11D3-BF4B-00C04F79EFBC}") = "Lykke.BilService.SampleSignService", "sample\Lykke.BilService.SampleSignService\Lykke.BilService.SampleSignService.csproj", "{C8B6C043-2493-4CED-8A19-FE329F5C696E}"
EndProject
Project("{2150E333-8FDC-42A3-9474-1A3956D46DE8}") = "sample", "sample", "{E2D2BC5C-CA15-418E-881B-114A0C5BDAC5}"
EndProject
Project("{FAE04EC0-301F-11D3-BF4B-00C04F79EFBC}") = "Lykke.BilService.SampleApi", "sample\Lykke.BilService.SampleApi\Lykke.BilService.SampleApi.csproj", "{962BA687-FC48-42E1-86C8-0375497DC8E5}"
EndProject
Project("{FAE04EC0-301F-11D3-BF4B-00C04F79EFBC}") = "Lykke.BilJob.SampleJob", "sample\Lykke.BilJob.SampleJob\Lykke.BilJob.SampleJob.csproj", "{2B71A3FA-0E5B-4632-B2FA-A632054CC9B2}"
EndProject
Project("{FAE04EC0-301F-11D3-BF4B-00C04F79EFBC}") = "Lykke.Quintessence.Rootstock.Tests", "test\Lykke.Quintessence.Rootstock.Tests\Lykke.Quintessence.Rootstock.Tests.csproj", "{F29BC7A2-3548-4950-B7D6-5E8162CB346C}"
EndProject
Project("{2150E333-8FDC-42A3-9474-1A3956D46DE8}") = "05. Misc", "05. Misc", "{F597E3A5-A96C-48B6-866C-BB8E61631720}"
EndProject
Project("{2150E333-8FDC-42A3-9474-1A3956D46DE8}") = "06. Core", "06. Core", "{B8F1C868-CC0C-4DA6-970D-94FA7F77FCB7}"
EndProject
Project("{2150E333-8FDC-42A3-9474-1A3956D46DE8}") = "07. Rpc Client", "07. Rpc Client", "{C70353DE-9567-48F3-8552-DD98B7782101}"
EndProject
Project("{FAE04EC0-301F-11D3-BF4B-00C04F79EFBC}") = "Lykke.Quintessence.DomainServices.Tests", "test\Lykke.Quintessence.DomainServices.Tests\Lykke.Quintessence.DomainServices.Tests.csproj", "{44F0280F-0243-44A5-BB3E-66848B52F356}"
EndProject
Project("{FAE04EC0-301F-11D3-BF4B-00C04F79EFBC}") = "Lykke.Quintessence.Rootstock.DomainServices", "src\Lykke.Quintessence.Rootstock.DomainServices\Lykke.Quintessence.Rootstock.DomainServices.csproj", "{610BD3DE-F4F1-46B4-A130-1D6785F8CCC5}"
EndProject
Project("{FAE04EC0-301F-11D3-BF4B-00C04F79EFBC}") = "Lykke.Quintessence.Rootstock.Domain", "src\Lykke.Quintessence.Rootstock.Domain\Lykke.Quintessence.Rootstock.Domain.csproj", "{A906E26E-7C75-4D45-9AD7-BE98A9348F03}"
EndProject
Project("{FAE04EC0-301F-11D3-BF4B-00C04F79EFBC}") = "Lykke.Quintessence.Rootstock.AzureRepositories", "src\Lykke.Quintessence.Rootstock.AzureRepositories\Lykke.Quintessence.Rootstock.AzureRepositories.csproj", "{FC0FBB10-9F88-4B3C-9DDE-77ABC6E871C6}"
EndProject
Project("{FAE04EC0-301F-11D3-BF4B-00C04F79EFBC}") = "Lykke.Quintessence.Rootstock", "src\Lykke.Quintessence.Rootstock\Lykke.Quintessence.Rootstock.csproj", "{E864C044-F8F2-489A-8D31-BE98116BC5A3}"
EndProject
Project("{FAE04EC0-301F-11D3-BF4B-00C04F79EFBC}") = "Lykke.Quintessence.RpcClient.Tests", "test\Lykke.Quintessence.RpcClient.Tests\Lykke.Quintessence.RpcClient.Tests.csproj", "{14B41F71-28A3-4394-B150-351829B220CE}"
EndProject
Global
	GlobalSection(SolutionConfigurationPlatforms) = preSolution
		Debug|Any CPU = Debug|Any CPU
		Release|Any CPU = Release|Any CPU
	EndGlobalSection
	GlobalSection(ProjectConfigurationPlatforms) = postSolution
		{79EDF747-637C-4B03-851B-5BF849053DF6}.Debug|Any CPU.ActiveCfg = Debug|Any CPU
		{79EDF747-637C-4B03-851B-5BF849053DF6}.Debug|Any CPU.Build.0 = Debug|Any CPU
		{79EDF747-637C-4B03-851B-5BF849053DF6}.Release|Any CPU.ActiveCfg = Release|Any CPU
		{79EDF747-637C-4B03-851B-5BF849053DF6}.Release|Any CPU.Build.0 = Release|Any CPU
		{38E855CA-B4F9-4C4D-B621-6C157CB00C44}.Debug|Any CPU.ActiveCfg = Debug|Any CPU
		{38E855CA-B4F9-4C4D-B621-6C157CB00C44}.Debug|Any CPU.Build.0 = Debug|Any CPU
		{38E855CA-B4F9-4C4D-B621-6C157CB00C44}.Release|Any CPU.ActiveCfg = Release|Any CPU
		{38E855CA-B4F9-4C4D-B621-6C157CB00C44}.Release|Any CPU.Build.0 = Release|Any CPU
		{D48F0A4D-7569-4091-BD04-01CF05D1DEDF}.Debug|Any CPU.ActiveCfg = Debug|Any CPU
		{D48F0A4D-7569-4091-BD04-01CF05D1DEDF}.Debug|Any CPU.Build.0 = Debug|Any CPU
		{D48F0A4D-7569-4091-BD04-01CF05D1DEDF}.Release|Any CPU.ActiveCfg = Release|Any CPU
		{D48F0A4D-7569-4091-BD04-01CF05D1DEDF}.Release|Any CPU.Build.0 = Release|Any CPU
		{D05BE7BD-865F-4677-8D9D-1D6AE28A50C5}.Debug|Any CPU.ActiveCfg = Debug|Any CPU
		{D05BE7BD-865F-4677-8D9D-1D6AE28A50C5}.Debug|Any CPU.Build.0 = Debug|Any CPU
		{D05BE7BD-865F-4677-8D9D-1D6AE28A50C5}.Release|Any CPU.ActiveCfg = Release|Any CPU
		{D05BE7BD-865F-4677-8D9D-1D6AE28A50C5}.Release|Any CPU.Build.0 = Release|Any CPU
		{9E4760F9-D312-4986-BF35-9E8E49161B7E}.Debug|Any CPU.ActiveCfg = Debug|Any CPU
		{9E4760F9-D312-4986-BF35-9E8E49161B7E}.Debug|Any CPU.Build.0 = Debug|Any CPU
		{9E4760F9-D312-4986-BF35-9E8E49161B7E}.Release|Any CPU.ActiveCfg = Release|Any CPU
		{9E4760F9-D312-4986-BF35-9E8E49161B7E}.Release|Any CPU.Build.0 = Release|Any CPU
		{40F93034-644C-4578-A2DC-FB79BFDE45CD}.Debug|Any CPU.ActiveCfg = Debug|Any CPU
		{40F93034-644C-4578-A2DC-FB79BFDE45CD}.Debug|Any CPU.Build.0 = Debug|Any CPU
		{40F93034-644C-4578-A2DC-FB79BFDE45CD}.Release|Any CPU.ActiveCfg = Release|Any CPU
		{40F93034-644C-4578-A2DC-FB79BFDE45CD}.Release|Any CPU.Build.0 = Release|Any CPU
		{2C9E72D2-8C79-466B-8E15-D8CFA3EB7C20}.Debug|Any CPU.ActiveCfg = Debug|Any CPU
		{2C9E72D2-8C79-466B-8E15-D8CFA3EB7C20}.Debug|Any CPU.Build.0 = Debug|Any CPU
		{2C9E72D2-8C79-466B-8E15-D8CFA3EB7C20}.Release|Any CPU.ActiveCfg = Release|Any CPU
		{2C9E72D2-8C79-466B-8E15-D8CFA3EB7C20}.Release|Any CPU.Build.0 = Release|Any CPU
		{8B2D3E14-B2BA-49E9-8575-9CBFDFDBA597}.Debug|Any CPU.ActiveCfg = Debug|Any CPU
		{8B2D3E14-B2BA-49E9-8575-9CBFDFDBA597}.Debug|Any CPU.Build.0 = Debug|Any CPU
		{8B2D3E14-B2BA-49E9-8575-9CBFDFDBA597}.Release|Any CPU.ActiveCfg = Release|Any CPU
		{8B2D3E14-B2BA-49E9-8575-9CBFDFDBA597}.Release|Any CPU.Build.0 = Release|Any CPU
		{C8A5046D-2DD2-47A6-BFB5-95EDEAF912F2}.Debug|Any CPU.ActiveCfg = Debug|Any CPU
		{C8A5046D-2DD2-47A6-BFB5-95EDEAF912F2}.Debug|Any CPU.Build.0 = Debug|Any CPU
		{C8A5046D-2DD2-47A6-BFB5-95EDEAF912F2}.Release|Any CPU.ActiveCfg = Release|Any CPU
		{C8A5046D-2DD2-47A6-BFB5-95EDEAF912F2}.Release|Any CPU.Build.0 = Release|Any CPU
		{58BD68B6-E29B-4E4E-A50B-6F263212D26E}.Debug|Any CPU.ActiveCfg = Debug|Any CPU
		{58BD68B6-E29B-4E4E-A50B-6F263212D26E}.Debug|Any CPU.Build.0 = Debug|Any CPU
		{58BD68B6-E29B-4E4E-A50B-6F263212D26E}.Release|Any CPU.ActiveCfg = Release|Any CPU
		{58BD68B6-E29B-4E4E-A50B-6F263212D26E}.Release|Any CPU.Build.0 = Release|Any CPU
		{410C2CD5-B536-4A8A-BC0C-3FB3C6E24321}.Debug|Any CPU.ActiveCfg = Debug|Any CPU
		{410C2CD5-B536-4A8A-BC0C-3FB3C6E24321}.Debug|Any CPU.Build.0 = Debug|Any CPU
		{410C2CD5-B536-4A8A-BC0C-3FB3C6E24321}.Release|Any CPU.ActiveCfg = Release|Any CPU
		{410C2CD5-B536-4A8A-BC0C-3FB3C6E24321}.Release|Any CPU.Build.0 = Release|Any CPU
		{3B92BA00-C454-4BB1-8759-020E81D91495}.Debug|Any CPU.ActiveCfg = Debug|Any CPU
		{3B92BA00-C454-4BB1-8759-020E81D91495}.Debug|Any CPU.Build.0 = Debug|Any CPU
		{3B92BA00-C454-4BB1-8759-020E81D91495}.Release|Any CPU.ActiveCfg = Release|Any CPU
		{3B92BA00-C454-4BB1-8759-020E81D91495}.Release|Any CPU.Build.0 = Release|Any CPU
		{BCEA2ABB-50B3-4AE5-B9AB-7C5C0B788A6C}.Debug|Any CPU.ActiveCfg = Debug|Any CPU
		{BCEA2ABB-50B3-4AE5-B9AB-7C5C0B788A6C}.Debug|Any CPU.Build.0 = Debug|Any CPU
		{BCEA2ABB-50B3-4AE5-B9AB-7C5C0B788A6C}.Release|Any CPU.ActiveCfg = Release|Any CPU
		{BCEA2ABB-50B3-4AE5-B9AB-7C5C0B788A6C}.Release|Any CPU.Build.0 = Release|Any CPU
		{4E3EF446-9923-4F04-84FB-1C35AF3ECAF5}.Debug|Any CPU.ActiveCfg = Debug|Any CPU
		{4E3EF446-9923-4F04-84FB-1C35AF3ECAF5}.Debug|Any CPU.Build.0 = Debug|Any CPU
		{4E3EF446-9923-4F04-84FB-1C35AF3ECAF5}.Release|Any CPU.ActiveCfg = Release|Any CPU
		{4E3EF446-9923-4F04-84FB-1C35AF3ECAF5}.Release|Any CPU.Build.0 = Release|Any CPU
		{DA4B7BC7-7583-4AEF-96AF-27EE6B9D01E1}.Debug|Any CPU.ActiveCfg = Debug|Any CPU
		{DA4B7BC7-7583-4AEF-96AF-27EE6B9D01E1}.Debug|Any CPU.Build.0 = Debug|Any CPU
		{DA4B7BC7-7583-4AEF-96AF-27EE6B9D01E1}.Release|Any CPU.ActiveCfg = Release|Any CPU
		{DA4B7BC7-7583-4AEF-96AF-27EE6B9D01E1}.Release|Any CPU.Build.0 = Release|Any CPU
		{348965D1-4C9A-4675-9440-DA9C4A1B93CF}.Debug|Any CPU.ActiveCfg = Debug|Any CPU
		{348965D1-4C9A-4675-9440-DA9C4A1B93CF}.Debug|Any CPU.Build.0 = Debug|Any CPU
		{348965D1-4C9A-4675-9440-DA9C4A1B93CF}.Release|Any CPU.ActiveCfg = Release|Any CPU
		{348965D1-4C9A-4675-9440-DA9C4A1B93CF}.Release|Any CPU.Build.0 = Release|Any CPU
		{ABBBC47D-78D1-44E9-8241-2E7419EB94F8}.Debug|Any CPU.ActiveCfg = Debug|Any CPU
		{ABBBC47D-78D1-44E9-8241-2E7419EB94F8}.Debug|Any CPU.Build.0 = Debug|Any CPU
		{ABBBC47D-78D1-44E9-8241-2E7419EB94F8}.Release|Any CPU.ActiveCfg = Release|Any CPU
		{ABBBC47D-78D1-44E9-8241-2E7419EB94F8}.Release|Any CPU.Build.0 = Release|Any CPU
		{6CEEABDB-AC15-4FC0-B0B3-D10CA3801243}.Debug|Any CPU.ActiveCfg = Debug|Any CPU
		{6CEEABDB-AC15-4FC0-B0B3-D10CA3801243}.Debug|Any CPU.Build.0 = Debug|Any CPU
		{6CEEABDB-AC15-4FC0-B0B3-D10CA3801243}.Release|Any CPU.ActiveCfg = Release|Any CPU
		{6CEEABDB-AC15-4FC0-B0B3-D10CA3801243}.Release|Any CPU.Build.0 = Release|Any CPU
		{C8B6C043-2493-4CED-8A19-FE329F5C696E}.Debug|Any CPU.ActiveCfg = Debug|Any CPU
		{C8B6C043-2493-4CED-8A19-FE329F5C696E}.Debug|Any CPU.Build.0 = Debug|Any CPU
		{C8B6C043-2493-4CED-8A19-FE329F5C696E}.Release|Any CPU.ActiveCfg = Release|Any CPU
		{C8B6C043-2493-4CED-8A19-FE329F5C696E}.Release|Any CPU.Build.0 = Release|Any CPU
		{962BA687-FC48-42E1-86C8-0375497DC8E5}.Debug|Any CPU.ActiveCfg = Debug|Any CPU
		{962BA687-FC48-42E1-86C8-0375497DC8E5}.Debug|Any CPU.Build.0 = Debug|Any CPU
		{962BA687-FC48-42E1-86C8-0375497DC8E5}.Release|Any CPU.ActiveCfg = Release|Any CPU
		{962BA687-FC48-42E1-86C8-0375497DC8E5}.Release|Any CPU.Build.0 = Release|Any CPU
		{2B71A3FA-0E5B-4632-B2FA-A632054CC9B2}.Debug|Any CPU.ActiveCfg = Debug|Any CPU
		{2B71A3FA-0E5B-4632-B2FA-A632054CC9B2}.Debug|Any CPU.Build.0 = Debug|Any CPU
		{2B71A3FA-0E5B-4632-B2FA-A632054CC9B2}.Release|Any CPU.ActiveCfg = Release|Any CPU
		{2B71A3FA-0E5B-4632-B2FA-A632054CC9B2}.Release|Any CPU.Build.0 = Release|Any CPU
		{F29BC7A2-3548-4950-B7D6-5E8162CB346C}.Debug|Any CPU.ActiveCfg = Debug|Any CPU
		{F29BC7A2-3548-4950-B7D6-5E8162CB346C}.Debug|Any CPU.Build.0 = Debug|Any CPU
		{F29BC7A2-3548-4950-B7D6-5E8162CB346C}.Release|Any CPU.ActiveCfg = Release|Any CPU
		{F29BC7A2-3548-4950-B7D6-5E8162CB346C}.Release|Any CPU.Build.0 = Release|Any CPU
		{44F0280F-0243-44A5-BB3E-66848B52F356}.Debug|Any CPU.ActiveCfg = Debug|Any CPU
		{44F0280F-0243-44A5-BB3E-66848B52F356}.Debug|Any CPU.Build.0 = Debug|Any CPU
		{44F0280F-0243-44A5-BB3E-66848B52F356}.Release|Any CPU.ActiveCfg = Release|Any CPU
		{44F0280F-0243-44A5-BB3E-66848B52F356}.Release|Any CPU.Build.0 = Release|Any CPU
		{610BD3DE-F4F1-46B4-A130-1D6785F8CCC5}.Debug|Any CPU.ActiveCfg = Debug|Any CPU
		{610BD3DE-F4F1-46B4-A130-1D6785F8CCC5}.Debug|Any CPU.Build.0 = Debug|Any CPU
		{610BD3DE-F4F1-46B4-A130-1D6785F8CCC5}.Release|Any CPU.ActiveCfg = Release|Any CPU
		{610BD3DE-F4F1-46B4-A130-1D6785F8CCC5}.Release|Any CPU.Build.0 = Release|Any CPU
		{A906E26E-7C75-4D45-9AD7-BE98A9348F03}.Debug|Any CPU.ActiveCfg = Debug|Any CPU
		{A906E26E-7C75-4D45-9AD7-BE98A9348F03}.Debug|Any CPU.Build.0 = Debug|Any CPU
		{A906E26E-7C75-4D45-9AD7-BE98A9348F03}.Release|Any CPU.ActiveCfg = Release|Any CPU
		{A906E26E-7C75-4D45-9AD7-BE98A9348F03}.Release|Any CPU.Build.0 = Release|Any CPU
		{FC0FBB10-9F88-4B3C-9DDE-77ABC6E871C6}.Debug|Any CPU.ActiveCfg = Debug|Any CPU
		{FC0FBB10-9F88-4B3C-9DDE-77ABC6E871C6}.Debug|Any CPU.Build.0 = Debug|Any CPU
		{FC0FBB10-9F88-4B3C-9DDE-77ABC6E871C6}.Release|Any CPU.ActiveCfg = Release|Any CPU
		{FC0FBB10-9F88-4B3C-9DDE-77ABC6E871C6}.Release|Any CPU.Build.0 = Release|Any CPU
		{E864C044-F8F2-489A-8D31-BE98116BC5A3}.Debug|Any CPU.ActiveCfg = Debug|Any CPU
		{E864C044-F8F2-489A-8D31-BE98116BC5A3}.Debug|Any CPU.Build.0 = Debug|Any CPU
		{E864C044-F8F2-489A-8D31-BE98116BC5A3}.Release|Any CPU.ActiveCfg = Release|Any CPU
		{E864C044-F8F2-489A-8D31-BE98116BC5A3}.Release|Any CPU.Build.0 = Release|Any CPU
		{14B41F71-28A3-4394-B150-351829B220CE}.Debug|Any CPU.ActiveCfg = Debug|Any CPU
		{14B41F71-28A3-4394-B150-351829B220CE}.Debug|Any CPU.Build.0 = Debug|Any CPU
		{14B41F71-28A3-4394-B150-351829B220CE}.Release|Any CPU.ActiveCfg = Release|Any CPU
		{14B41F71-28A3-4394-B150-351829B220CE}.Release|Any CPU.Build.0 = Release|Any CPU
	EndGlobalSection
	GlobalSection(NestedProjects) = preSolution
		{FC572167-8C7D-47E2-A4B7-D711BA2220C6} = {9B6C647F-F374-497E-A07C-D146B9FA2E04}
		{17B51FDE-75E2-46DF-9400-E4AB6FBCF877} = {9B6C647F-F374-497E-A07C-D146B9FA2E04}
		{9E4760F9-D312-4986-BF35-9E8E49161B7E} = {17B51FDE-75E2-46DF-9400-E4AB6FBCF877}
		{D47784E6-4485-46F9-A258-9558380992DF} = {9B6C647F-F374-497E-A07C-D146B9FA2E04}
		{40F93034-644C-4578-A2DC-FB79BFDE45CD} = {D47784E6-4485-46F9-A258-9558380992DF}
		{57E8AD63-FB8B-47B1-919C-97A3E0DFF84F} = {9B6C647F-F374-497E-A07C-D146B9FA2E04}
		{2C9E72D2-8C79-466B-8E15-D8CFA3EB7C20} = {57E8AD63-FB8B-47B1-919C-97A3E0DFF84F}
		{C8A5046D-2DD2-47A6-BFB5-95EDEAF912F2} = {FC572167-8C7D-47E2-A4B7-D711BA2220C6}
		{58BD68B6-E29B-4E4E-A50B-6F263212D26E} = {FC572167-8C7D-47E2-A4B7-D711BA2220C6}
		{410C2CD5-B536-4A8A-BC0C-3FB3C6E24321} = {FC572167-8C7D-47E2-A4B7-D711BA2220C6}
		{3B92BA00-C454-4BB1-8759-020E81D91495} = {17B51FDE-75E2-46DF-9400-E4AB6FBCF877}
		{BCEA2ABB-50B3-4AE5-B9AB-7C5C0B788A6C} = {17B51FDE-75E2-46DF-9400-E4AB6FBCF877}
		{4E3EF446-9923-4F04-84FB-1C35AF3ECAF5} = {D47784E6-4485-46F9-A258-9558380992DF}
		{DA4B7BC7-7583-4AEF-96AF-27EE6B9D01E1} = {D47784E6-4485-46F9-A258-9558380992DF}
		{348965D1-4C9A-4675-9440-DA9C4A1B93CF} = {57E8AD63-FB8B-47B1-919C-97A3E0DFF84F}
		{ABBBC47D-78D1-44E9-8241-2E7419EB94F8} = {57E8AD63-FB8B-47B1-919C-97A3E0DFF84F}
		{6CEEABDB-AC15-4FC0-B0B3-D10CA3801243} = {FC572167-8C7D-47E2-A4B7-D711BA2220C6}
		{C8B6C043-2493-4CED-8A19-FE329F5C696E} = {E2D2BC5C-CA15-418E-881B-114A0C5BDAC5}
		{962BA687-FC48-42E1-86C8-0375497DC8E5} = {E2D2BC5C-CA15-418E-881B-114A0C5BDAC5}
		{2B71A3FA-0E5B-4632-B2FA-A632054CC9B2} = {E2D2BC5C-CA15-418E-881B-114A0C5BDAC5}
		{F29BC7A2-3548-4950-B7D6-5E8162CB346C} = {F2D2B602-E10B-46DF-938D-5F12DF52DDB8}
		{F597E3A5-A96C-48B6-866C-BB8E61631720} = {9B6C647F-F374-497E-A07C-D146B9FA2E04}
		{B8F1C868-CC0C-4DA6-970D-94FA7F77FCB7} = {9B6C647F-F374-497E-A07C-D146B9FA2E04}
		{C70353DE-9567-48F3-8552-DD98B7782101} = {9B6C647F-F374-497E-A07C-D146B9FA2E04}
		{D48F0A4D-7569-4091-BD04-01CF05D1DEDF} = {C70353DE-9567-48F3-8552-DD98B7782101}
		{D05BE7BD-865F-4677-8D9D-1D6AE28A50C5} = {C70353DE-9567-48F3-8552-DD98B7782101}
		{79EDF747-637C-4B03-851B-5BF849053DF6} = {B8F1C868-CC0C-4DA6-970D-94FA7F77FCB7}
		{38E855CA-B4F9-4C4D-B621-6C157CB00C44} = {B8F1C868-CC0C-4DA6-970D-94FA7F77FCB7}
		{8B2D3E14-B2BA-49E9-8575-9CBFDFDBA597} = {B8F1C868-CC0C-4DA6-970D-94FA7F77FCB7}
		{44F0280F-0243-44A5-BB3E-66848B52F356} = {F2D2B602-E10B-46DF-938D-5F12DF52DDB8}
		{610BD3DE-F4F1-46B4-A130-1D6785F8CCC5} = {F597E3A5-A96C-48B6-866C-BB8E61631720}
		{A906E26E-7C75-4D45-9AD7-BE98A9348F03} = {F597E3A5-A96C-48B6-866C-BB8E61631720}
		{FC0FBB10-9F88-4B3C-9DDE-77ABC6E871C6} = {F597E3A5-A96C-48B6-866C-BB8E61631720}
		{E864C044-F8F2-489A-8D31-BE98116BC5A3} = {F597E3A5-A96C-48B6-866C-BB8E61631720}
		{14B41F71-28A3-4394-B150-351829B220CE} = {F2D2B602-E10B-46DF-938D-5F12DF52DDB8}
	EndGlobalSection
EndGlobal
