
Microsoft Visual Studio Solution File, Format Version 12.00
Project("{FAE04EC0-301F-11D3-BF4B-00C04F79EFBC}") = "Lykke.Quintessence.Core", "src\Lykke.Quintessence.Core\Lykke.Quintessence.Core.csproj", "{79EDF747-637C-4B03-851B-5BF849053DF6}"
EndProject
Project("{FAE04EC0-301F-11D3-BF4B-00C04F79EFBC}") = "Lykke.Quintessence.Core.Abstractions", "src\Lykke.Quintessence.Core.Abstractions\Lykke.Quintessence.Core.Abstractions.csproj", "{38E855CA-B4F9-4C4D-B621-6C157CB00C44}"
EndProject
Project("{2150E333-8FDC-42A3-9474-1A3956D46DE8}") = "src", "src", "{9B6C647F-F374-497E-A07C-D146B9FA2E04}"
EndProject
Project("{FAE04EC0-301F-11D3-BF4B-00C04F79EFBC}") = "Lykke.Quintessence.Core.Telemetry", "src\Lykke.Quintessence.Core.Telemetry\Lykke.Quintessence.Core.Telemetry.csproj", "{8B2D3E14-B2BA-49E9-8575-9CBFDFDBA597}"
EndProject
Project("{2150E333-8FDC-42A3-9474-1A3956D46DE8}") = "01. Core", "01. Core", "{EF3E77C8-C976-41D4-99BB-48BD8F7FFD8F}"
EndProject
Project("{2150E333-8FDC-42A3-9474-1A3956D46DE8}") = "02. Rpc Client", "02. Rpc Client", "{F8A8DD4F-B7DA-4DEF-8692-7BBD4E9E2AB3}"
EndProject
Project("{FAE04EC0-301F-11D3-BF4B-00C04F79EFBC}") = "Lykke.Quintessence.RpcClient", "src\Lykke.Quintessence.RpcClient\Lykke.Quintessence.RpcClient.csproj", "{6851ABD3-DDEE-44F5-8F76-D0D2FD0598A5}"
EndProject
Project("{FAE04EC0-301F-11D3-BF4B-00C04F79EFBC}") = "Lykke.Quintessence.RpcClient.Abstractions", "src\Lykke.Quintessence.RpcClient.Abstractions\Lykke.Quintessence.RpcClient.Abstractions.csproj", "{F65EB77E-BB08-4FCC-8203-0389527C1B4A}"
EndProject
Project("{FAE04EC0-301F-11D3-BF4B-00C04F79EFBC}") = "Lykke.Quintessence.RpcClient.Tests", "test\Lykke.Quintessence.RpcClient.Tests\Lykke.Quintessence.RpcClient.Tests.csproj", "{DF2E48E0-419F-4164-AE6B-9242F68C06E5}"
EndProject
Project("{2150E333-8FDC-42A3-9474-1A3956D46DE8}") = "test", "test", "{7D8D69E1-5557-4BDF-AC50-64C16274DEC1}"
EndProject
Project("{2150E333-8FDC-42A3-9474-1A3956D46DE8}") = "03. Common", "03. Common", "{04E34EFD-F29F-46E7-B1F6-4191FC7D96E5}"
EndProject
Project("{FAE04EC0-301F-11D3-BF4B-00C04F79EFBC}") = "Lykke.Quintessence.Domain", "src\Lykke.Quintessence.Domain\Lykke.Quintessence.Domain.csproj", "{F31B9A51-475A-4F03-AF2B-45B993AF56C7}"
EndProject
Project("{FAE04EC0-301F-11D3-BF4B-00C04F79EFBC}") = "Lykke.Quintessence.DomainServices", "src\Lykke.Quintessence.DomainServices\Lykke.Quintessence.DomainServices.csproj", "{67579593-5233-4472-BE5B-AA7AA05FCC9F}"
EndProject
Project("{FAE04EC0-301F-11D3-BF4B-00C04F79EFBC}") = "Lykke.Quintessence.AzureRepositories", "src\Lykke.Quintessence.AzureRepositories\Lykke.Quintessence.AzureRepositories.csproj", "{CD07A29D-BDB5-4D25-94BF-E6714A90BD85}"
EndProject
Project("{FAE04EC0-301F-11D3-BF4B-00C04F79EFBC}") = "Lykke.Quintessence.Runtime", "src\Lykke.Quintessence.Runtime\Lykke.Quintessence.Runtime.csproj", "{3367956A-7377-4707-8D92-64A6B0616FD5}"
EndProject
Project("{FAE04EC0-301F-11D3-BF4B-00C04F79EFBC}") = "Lykke.Quintessence.DomainServices.Tests", "test\Lykke.Quintessence.DomainServices.Tests\Lykke.Quintessence.DomainServices.Tests.csproj", "{7044FD4C-4A49-4278-B9B8-EA4B9B3D9F81}"
EndProject
Global
	GlobalSection(SolutionConfigurationPlatforms) = preSolution
		Debug|Any CPU = Debug|Any CPU
		Release|Any CPU = Release|Any CPU
	EndGlobalSection
	GlobalSection(ProjectConfigurationPlatforms) = postSolution
		{79EDF747-637C-4B03-851B-5BF849053DF6}.Debug|Any CPU.ActiveCfg = Debug|Any CPU
		{79EDF747-637C-4B03-851B-5BF849053DF6}.Debug|Any CPU.Build.0 = Debug|Any CPU
		{79EDF747-637C-4B03-851B-5BF849053DF6}.Release|Any CPU.ActiveCfg = Release|Any CPU
		{79EDF747-637C-4B03-851B-5BF849053DF6}.Release|Any CPU.Build.0 = Release|Any CPU
		{38E855CA-B4F9-4C4D-B621-6C157CB00C44}.Debug|Any CPU.ActiveCfg = Debug|Any CPU
		{38E855CA-B4F9-4C4D-B621-6C157CB00C44}.Debug|Any CPU.Build.0 = Debug|Any CPU
		{38E855CA-B4F9-4C4D-B621-6C157CB00C44}.Release|Any CPU.ActiveCfg = Release|Any CPU
		{38E855CA-B4F9-4C4D-B621-6C157CB00C44}.Release|Any CPU.Build.0 = Release|Any CPU
		{8B2D3E14-B2BA-49E9-8575-9CBFDFDBA597}.Debug|Any CPU.ActiveCfg = Debug|Any CPU
		{8B2D3E14-B2BA-49E9-8575-9CBFDFDBA597}.Debug|Any CPU.Build.0 = Debug|Any CPU
		{8B2D3E14-B2BA-49E9-8575-9CBFDFDBA597}.Release|Any CPU.ActiveCfg = Release|Any CPU
		{8B2D3E14-B2BA-49E9-8575-9CBFDFDBA597}.Release|Any CPU.Build.0 = Release|Any CPU
		{6851ABD3-DDEE-44F5-8F76-D0D2FD0598A5}.Debug|Any CPU.ActiveCfg = Debug|Any CPU
		{6851ABD3-DDEE-44F5-8F76-D0D2FD0598A5}.Debug|Any CPU.Build.0 = Debug|Any CPU
		{6851ABD3-DDEE-44F5-8F76-D0D2FD0598A5}.Release|Any CPU.ActiveCfg = Release|Any CPU
		{6851ABD3-DDEE-44F5-8F76-D0D2FD0598A5}.Release|Any CPU.Build.0 = Release|Any CPU
		{F65EB77E-BB08-4FCC-8203-0389527C1B4A}.Debug|Any CPU.ActiveCfg = Debug|Any CPU
		{F65EB77E-BB08-4FCC-8203-0389527C1B4A}.Debug|Any CPU.Build.0 = Debug|Any CPU
		{F65EB77E-BB08-4FCC-8203-0389527C1B4A}.Release|Any CPU.ActiveCfg = Release|Any CPU
		{F65EB77E-BB08-4FCC-8203-0389527C1B4A}.Release|Any CPU.Build.0 = Release|Any CPU
		{DF2E48E0-419F-4164-AE6B-9242F68C06E5}.Debug|Any CPU.ActiveCfg = Debug|Any CPU
		{DF2E48E0-419F-4164-AE6B-9242F68C06E5}.Debug|Any CPU.Build.0 = Debug|Any CPU
		{DF2E48E0-419F-4164-AE6B-9242F68C06E5}.Release|Any CPU.ActiveCfg = Release|Any CPU
		{DF2E48E0-419F-4164-AE6B-9242F68C06E5}.Release|Any CPU.Build.0 = Release|Any CPU
		{F31B9A51-475A-4F03-AF2B-45B993AF56C7}.Debug|Any CPU.ActiveCfg = Debug|Any CPU
		{F31B9A51-475A-4F03-AF2B-45B993AF56C7}.Debug|Any CPU.Build.0 = Debug|Any CPU
		{F31B9A51-475A-4F03-AF2B-45B993AF56C7}.Release|Any CPU.ActiveCfg = Release|Any CPU
		{F31B9A51-475A-4F03-AF2B-45B993AF56C7}.Release|Any CPU.Build.0 = Release|Any CPU
		{67579593-5233-4472-BE5B-AA7AA05FCC9F}.Debug|Any CPU.ActiveCfg = Debug|Any CPU
		{67579593-5233-4472-BE5B-AA7AA05FCC9F}.Debug|Any CPU.Build.0 = Debug|Any CPU
		{67579593-5233-4472-BE5B-AA7AA05FCC9F}.Release|Any CPU.ActiveCfg = Release|Any CPU
		{67579593-5233-4472-BE5B-AA7AA05FCC9F}.Release|Any CPU.Build.0 = Release|Any CPU
		{CD07A29D-BDB5-4D25-94BF-E6714A90BD85}.Debug|Any CPU.ActiveCfg = Debug|Any CPU
		{CD07A29D-BDB5-4D25-94BF-E6714A90BD85}.Debug|Any CPU.Build.0 = Debug|Any CPU
		{CD07A29D-BDB5-4D25-94BF-E6714A90BD85}.Release|Any CPU.ActiveCfg = Release|Any CPU
		{CD07A29D-BDB5-4D25-94BF-E6714A90BD85}.Release|Any CPU.Build.0 = Release|Any CPU
		{3367956A-7377-4707-8D92-64A6B0616FD5}.Debug|Any CPU.ActiveCfg = Debug|Any CPU
		{3367956A-7377-4707-8D92-64A6B0616FD5}.Debug|Any CPU.Build.0 = Debug|Any CPU
		{3367956A-7377-4707-8D92-64A6B0616FD5}.Release|Any CPU.ActiveCfg = Release|Any CPU
		{3367956A-7377-4707-8D92-64A6B0616FD5}.Release|Any CPU.Build.0 = Release|Any CPU
		{7044FD4C-4A49-4278-B9B8-EA4B9B3D9F81}.Debug|Any CPU.ActiveCfg = Debug|Any CPU
		{7044FD4C-4A49-4278-B9B8-EA4B9B3D9F81}.Debug|Any CPU.Build.0 = Debug|Any CPU
		{7044FD4C-4A49-4278-B9B8-EA4B9B3D9F81}.Release|Any CPU.ActiveCfg = Release|Any CPU
		{7044FD4C-4A49-4278-B9B8-EA4B9B3D9F81}.Release|Any CPU.Build.0 = Release|Any CPU
	EndGlobalSection
	GlobalSection(NestedProjects) = preSolution
		{EF3E77C8-C976-41D4-99BB-48BD8F7FFD8F} = {9B6C647F-F374-497E-A07C-D146B9FA2E04}
		{79EDF747-637C-4B03-851B-5BF849053DF6} = {EF3E77C8-C976-41D4-99BB-48BD8F7FFD8F}
		{38E855CA-B4F9-4C4D-B621-6C157CB00C44} = {EF3E77C8-C976-41D4-99BB-48BD8F7FFD8F}
		{8B2D3E14-B2BA-49E9-8575-9CBFDFDBA597} = {EF3E77C8-C976-41D4-99BB-48BD8F7FFD8F}
		{F8A8DD4F-B7DA-4DEF-8692-7BBD4E9E2AB3} = {9B6C647F-F374-497E-A07C-D146B9FA2E04}
		{6851ABD3-DDEE-44F5-8F76-D0D2FD0598A5} = {F8A8DD4F-B7DA-4DEF-8692-7BBD4E9E2AB3}
		{F65EB77E-BB08-4FCC-8203-0389527C1B4A} = {F8A8DD4F-B7DA-4DEF-8692-7BBD4E9E2AB3}
		{DF2E48E0-419F-4164-AE6B-9242F68C06E5} = {7D8D69E1-5557-4BDF-AC50-64C16274DEC1}
		{04E34EFD-F29F-46E7-B1F6-4191FC7D96E5} = {9B6C647F-F374-497E-A07C-D146B9FA2E04}
		{F31B9A51-475A-4F03-AF2B-45B993AF56C7} = {04E34EFD-F29F-46E7-B1F6-4191FC7D96E5}
		{67579593-5233-4472-BE5B-AA7AA05FCC9F} = {04E34EFD-F29F-46E7-B1F6-4191FC7D96E5}
		{CD07A29D-BDB5-4D25-94BF-E6714A90BD85} = {04E34EFD-F29F-46E7-B1F6-4191FC7D96E5}
		{3367956A-7377-4707-8D92-64A6B0616FD5} = {04E34EFD-F29F-46E7-B1F6-4191FC7D96E5}
		{7044FD4C-4A49-4278-B9B8-EA4B9B3D9F81} = {7D8D69E1-5557-4BDF-AC50-64C16274DEC1}
	EndGlobalSection
EndGlobal
