
Microsoft Visual Studio Solution File, Format Version 12.00
Project("{FAE04EC0-301F-11D3-BF4B-00C04F79EFBC}") = "Lykke.Quintessence.Core", "src\Lykke.Quintessence.Core\Lykke.Quintessence.Core.csproj", "{79EDF747-637C-4B03-851B-5BF849053DF6}"
EndProject
Project("{FAE04EC0-301F-11D3-BF4B-00C04F79EFBC}") = "Lykke.Quintessence.Core.Abstractions", "src\Lykke.Quintessence.Core.Abstractions\Lykke.Quintessence.Core.Abstractions.csproj", "{38E855CA-B4F9-4C4D-B621-6C157CB00C44}"
EndProject
Project("{2150E333-8FDC-42A3-9474-1A3956D46DE8}") = "src", "src", "{9B6C647F-F374-497E-A07C-D146B9FA2E04}"
EndProject
Project("{FAE04EC0-301F-11D3-BF4B-00C04F79EFBC}") = "Lykke.Quintessence.Core.Telemetry", "src\Lykke.Quintessence.Core.Telemetry\Lykke.Quintessence.Core.Telemetry.csproj", "{8B2D3E14-B2BA-49E9-8575-9CBFDFDBA597}"
EndProject
Project("{2150E333-8FDC-42A3-9474-1A3956D46DE8}") = "01. Core", "01. Core", "{EF3E77C8-C976-41D4-99BB-48BD8F7FFD8F}"
EndProject
Project("{2150E333-8FDC-42A3-9474-1A3956D46DE8}") = "02. Rpc Client", "02. Rpc Client", "{F8A8DD4F-B7DA-4DEF-8692-7BBD4E9E2AB3}"
EndProject
Project("{FAE04EC0-301F-11D3-BF4B-00C04F79EFBC}") = "Lykke.Quintessence.RpcClient", "src\Lykke.Quintessence.RpcClient\Lykke.Quintessence.RpcClient.csproj", "{6851ABD3-DDEE-44F5-8F76-D0D2FD0598A5}"
EndProject
Project("{FAE04EC0-301F-11D3-BF4B-00C04F79EFBC}") = "Lykke.Quintessence.RpcClient.Abstractions", "src\Lykke.Quintessence.RpcClient.Abstractions\Lykke.Quintessence.RpcClient.Abstractions.csproj", "{F65EB77E-BB08-4FCC-8203-0389527C1B4A}"
EndProject
Project("{FAE04EC0-301F-11D3-BF4B-00C04F79EFBC}") = "Lykke.Quintessence.RpcClient.Tests", "test\Lykke.Quintessence.RpcClient.Tests\Lykke.Quintessence.RpcClient.Tests.csproj", "{DF2E48E0-419F-4164-AE6B-9242F68C06E5}"
EndProject
Project("{2150E333-8FDC-42A3-9474-1A3956D46DE8}") = "test", "test", "{7D8D69E1-5557-4BDF-AC50-64C16274DEC1}"
EndProject
Global
	GlobalSection(SolutionConfigurationPlatforms) = preSolution
		Debug|Any CPU = Debug|Any CPU
		Release|Any CPU = Release|Any CPU
	EndGlobalSection
	GlobalSection(ProjectConfigurationPlatforms) = postSolution
		{79EDF747-637C-4B03-851B-5BF849053DF6}.Debug|Any CPU.ActiveCfg = Debug|Any CPU
		{79EDF747-637C-4B03-851B-5BF849053DF6}.Debug|Any CPU.Build.0 = Debug|Any CPU
		{79EDF747-637C-4B03-851B-5BF849053DF6}.Release|Any CPU.ActiveCfg = Release|Any CPU
		{79EDF747-637C-4B03-851B-5BF849053DF6}.Release|Any CPU.Build.0 = Release|Any CPU
		{38E855CA-B4F9-4C4D-B621-6C157CB00C44}.Debug|Any CPU.ActiveCfg = Debug|Any CPU
		{38E855CA-B4F9-4C4D-B621-6C157CB00C44}.Debug|Any CPU.Build.0 = Debug|Any CPU
		{38E855CA-B4F9-4C4D-B621-6C157CB00C44}.Release|Any CPU.ActiveCfg = Release|Any CPU
		{38E855CA-B4F9-4C4D-B621-6C157CB00C44}.Release|Any CPU.Build.0 = Release|Any CPU
		{8B2D3E14-B2BA-49E9-8575-9CBFDFDBA597}.Debug|Any CPU.ActiveCfg = Debug|Any CPU
		{8B2D3E14-B2BA-49E9-8575-9CBFDFDBA597}.Debug|Any CPU.Build.0 = Debug|Any CPU
		{8B2D3E14-B2BA-49E9-8575-9CBFDFDBA597}.Release|Any CPU.ActiveCfg = Release|Any CPU
		{8B2D3E14-B2BA-49E9-8575-9CBFDFDBA597}.Release|Any CPU.Build.0 = Release|Any CPU
		{6851ABD3-DDEE-44F5-8F76-D0D2FD0598A5}.Debug|Any CPU.ActiveCfg = Debug|Any CPU
		{6851ABD3-DDEE-44F5-8F76-D0D2FD0598A5}.Debug|Any CPU.Build.0 = Debug|Any CPU
		{6851ABD3-DDEE-44F5-8F76-D0D2FD0598A5}.Release|Any CPU.ActiveCfg = Release|Any CPU
		{6851ABD3-DDEE-44F5-8F76-D0D2FD0598A5}.Release|Any CPU.Build.0 = Release|Any CPU
		{F65EB77E-BB08-4FCC-8203-0389527C1B4A}.Debug|Any CPU.ActiveCfg = Debug|Any CPU
		{F65EB77E-BB08-4FCC-8203-0389527C1B4A}.Debug|Any CPU.Build.0 = Debug|Any CPU
		{F65EB77E-BB08-4FCC-8203-0389527C1B4A}.Release|Any CPU.ActiveCfg = Release|Any CPU
		{F65EB77E-BB08-4FCC-8203-0389527C1B4A}.Release|Any CPU.Build.0 = Release|Any CPU
		{DF2E48E0-419F-4164-AE6B-9242F68C06E5}.Debug|Any CPU.ActiveCfg = Debug|Any CPU
		{DF2E48E0-419F-4164-AE6B-9242F68C06E5}.Debug|Any CPU.Build.0 = Debug|Any CPU
		{DF2E48E0-419F-4164-AE6B-9242F68C06E5}.Release|Any CPU.ActiveCfg = Release|Any CPU
		{DF2E48E0-419F-4164-AE6B-9242F68C06E5}.Release|Any CPU.Build.0 = Release|Any CPU
	EndGlobalSection
	GlobalSection(NestedProjects) = preSolution
		{EF3E77C8-C976-41D4-99BB-48BD8F7FFD8F} = {9B6C647F-F374-497E-A07C-D146B9FA2E04}
		{79EDF747-637C-4B03-851B-5BF849053DF6} = {EF3E77C8-C976-41D4-99BB-48BD8F7FFD8F}
		{38E855CA-B4F9-4C4D-B621-6C157CB00C44} = {EF3E77C8-C976-41D4-99BB-48BD8F7FFD8F}
		{8B2D3E14-B2BA-49E9-8575-9CBFDFDBA597} = {EF3E77C8-C976-41D4-99BB-48BD8F7FFD8F}
		{F8A8DD4F-B7DA-4DEF-8692-7BBD4E9E2AB3} = {9B6C647F-F374-497E-A07C-D146B9FA2E04}
		{6851ABD3-DDEE-44F5-8F76-D0D2FD0598A5} = {F8A8DD4F-B7DA-4DEF-8692-7BBD4E9E2AB3}
		{F65EB77E-BB08-4FCC-8203-0389527C1B4A} = {F8A8DD4F-B7DA-4DEF-8692-7BBD4E9E2AB3}
		{DF2E48E0-419F-4164-AE6B-9242F68C06E5} = {7D8D69E1-5557-4BDF-AC50-64C16274DEC1}
	EndGlobalSection
EndGlobal
